
Microsoft Visual Studio Solution File, Format Version 12.00
# Visual Studio 15
VisualStudioVersion = 15.0.26014.0
MinimumVisualStudioVersion = 10.0.40219.1
Project("{CC5FD16D-436D-48AD-A40C-5A424C6E3E79}") = "WCFUsedCars", "WCFUsedCars\WCFUsedCars.ccproj", "{8DD7E16E-41EF-4787-BE24-8548D4E0D46A}"
EndProject
Project("{FAE04EC0-301F-11D3-BF4B-00C04F79EFBC}") = "WCFServiceWebRole1", "WCFServiceWebRole1\WCFServiceWebRole1.csproj", "{A39B77D4-56C2-4122-ADFE-2EDDA2970556}"
EndProject
Project("{FAE04EC0-301F-11D3-BF4B-00C04F79EFBC}") = "WCFServiceWebRole1Tests", "WCFServiceWebRole1Tests\WCFServiceWebRole1Tests.csproj", "{05F13367-A160-4B29-9D39-CF46BD84D3C8}"
EndProject
Global
	GlobalSection(SolutionConfigurationPlatforms) = preSolution
		Debug|Any CPU = Debug|Any CPU
		Release|Any CPU = Release|Any CPU
	EndGlobalSection
	GlobalSection(ProjectConfigurationPlatforms) = postSolution
		{8DD7E16E-41EF-4787-BE24-8548D4E0D46A}.Debug|Any CPU.ActiveCfg = Debug|Any CPU
		{8DD7E16E-41EF-4787-BE24-8548D4E0D46A}.Debug|Any CPU.Build.0 = Debug|Any CPU
		{8DD7E16E-41EF-4787-BE24-8548D4E0D46A}.Release|Any CPU.ActiveCfg = Release|Any CPU
		{8DD7E16E-41EF-4787-BE24-8548D4E0D46A}.Release|Any CPU.Build.0 = Release|Any CPU
		{A39B77D4-56C2-4122-ADFE-2EDDA2970556}.Debug|Any CPU.ActiveCfg = Debug|Any CPU
		{A39B77D4-56C2-4122-ADFE-2EDDA2970556}.Debug|Any CPU.Build.0 = Debug|Any CPU
		{A39B77D4-56C2-4122-ADFE-2EDDA2970556}.Release|Any CPU.ActiveCfg = Release|Any CPU
		{A39B77D4-56C2-4122-ADFE-2EDDA2970556}.Release|Any CPU.Build.0 = Release|Any CPU
		{05F13367-A160-4B29-9D39-CF46BD84D3C8}.Debug|Any CPU.ActiveCfg = Debug|Any CPU
		{05F13367-A160-4B29-9D39-CF46BD84D3C8}.Debug|Any CPU.Build.0 = Debug|Any CPU
		{05F13367-A160-4B29-9D39-CF46BD84D3C8}.Release|Any CPU.ActiveCfg = Release|Any CPU
		{05F13367-A160-4B29-9D39-CF46BD84D3C8}.Release|Any CPU.Build.0 = Release|Any CPU
	EndGlobalSection
	GlobalSection(SolutionProperties) = preSolution
		HideSolutionNode = FALSE
	EndGlobalSection
EndGlobal
